
Microsoft Visual Studio Solution File, Format Version 12.00
# Visual Studio Version 16
VisualStudioVersion = 16.0.33214.272
MinimumVisualStudioVersion = 10.0.40219.1
Project("{8BC9CEB8-8B4A-11D0-8D11-00A0C91BC942}") = "kyoukasyokakuninmondai", "kyoukasyokakuninmondai\kyoukasyokakuninmondai.vcxproj", "{E3061BF8-9824-4A7E-A48F-26884135E8B7}"
EndProject
Global
	GlobalSection(SolutionConfigurationPlatforms) = preSolution
		Debug|x64 = Debug|x64
		Debug|x86 = Debug|x86
		Release|x64 = Release|x64
		Release|x86 = Release|x86
	EndGlobalSection
	GlobalSection(ProjectConfigurationPlatforms) = postSolution
		{E3061BF8-9824-4A7E-A48F-26884135E8B7}.Debug|x64.ActiveCfg = Debug|x64
		{E3061BF8-9824-4A7E-A48F-26884135E8B7}.Debug|x64.Build.0 = Debug|x64
		{E3061BF8-9824-4A7E-A48F-26884135E8B7}.Debug|x86.ActiveCfg = Debug|Win32
		{E3061BF8-9824-4A7E-A48F-26884135E8B7}.Debug|x86.Build.0 = Debug|Win32
		{E3061BF8-9824-4A7E-A48F-26884135E8B7}.Release|x64.ActiveCfg = Release|x64
		{E3061BF8-9824-4A7E-A48F-26884135E8B7}.Release|x64.Build.0 = Release|x64
		{E3061BF8-9824-4A7E-A48F-26884135E8B7}.Release|x86.ActiveCfg = Release|Win32
		{E3061BF8-9824-4A7E-A48F-26884135E8B7}.Release|x86.Build.0 = Release|Win32
	EndGlobalSection
	GlobalSection(SolutionProperties) = preSolution
		HideSolutionNode = FALSE
	EndGlobalSection
	GlobalSection(ExtensibilityGlobals) = postSolution
		SolutionGuid = {EA3D92B2-6DC1-417D-9DD3-1B612BA11075}
	EndGlobalSection
EndGlobal
